
Microsoft Visual Studio Solution File, Format Version 12.00
# Visual Studio Version 17
VisualStudioVersion = 17.12.35707.178
MinimumVisualStudioVersion = 10.0.40219.1
Project("{FAE04EC0-301F-11D3-BF4B-00C04F79EFBC}") = "DataStructures", "DataStructures\DataStructures.csproj", "{351DD9FB-4551-4F5A-AA10-FB3D4C154BD8}"
EndProject
Project("{2150E333-8FDC-42A3-9474-1A3956D46DE8}") = "Stack", "Stack", "{99BD2840-F1FB-4A0B-96D8-6FAEBACBDB07}"
EndProject
Project("{FAE04EC0-301F-11D3-BF4B-00C04F79EFBC}") = "StackUsingArrays", "StackUsingArrays\StackUsingArrays.csproj", "{F4284127-51E3-497A-AFBD-7ECB46CA24B8}"
EndProject
Project("{FAE04EC0-301F-11D3-BF4B-00C04F79EFBC}") = "StackUsingLinkedList", "StackUsingLinkedList\StackUsingLinkedList.csproj", "{4641D2C6-02DF-4C3B-B3A4-E01B3770BB8E}"
EndProject
Project("{2150E333-8FDC-42A3-9474-1A3956D46DE8}") = "Queue", "Queue", "{6B8CAC40-AB17-4A26-8EA2-1DF124071585}"
EndProject
Project("{FAE04EC0-301F-11D3-BF4B-00C04F79EFBC}") = "QueueUsingArrays", "QueueUsingArrays\QueueUsingArrays.csproj", "{01A4D83D-12AB-4D8C-BCF2-6BE403525C7E}"
EndProject
Project("{FAE04EC0-301F-11D3-BF4B-00C04F79EFBC}") = "QueueUsingLinkedList", "QueueUsingLinkedList\QueueUsingLinkedList.csproj", "{5B6113E6-ABA6-4200-8756-30333BC46016}"
EndProject
Project("{2150E333-8FDC-42A3-9474-1A3956D46DE8}") = "Arrays", "Arrays", "{D2C61374-52BE-4469-963A-195AEE88B025}"
EndProject
Project("{FAE04EC0-301F-11D3-BF4B-00C04F79EFBC}") = "DeleteElementInArray", "AddingElementInArray\DeleteElementInArray.csproj", "{03D86811-A4B4-4D60-869A-74E79EEAFD03}"
EndProject
Project("{FAE04EC0-301F-11D3-BF4B-00C04F79EFBC}") = "UpdateElementInArray", "UpdateElementInArray\UpdateElementInArray.csproj", "{A5732036-5195-483F-946D-EAC752AFDBDD}"
EndProject
Project("{FAE04EC0-301F-11D3-BF4B-00C04F79EFBC}") = "AddElementInArray", "AddElementInArray\AddElementInArray.csproj", "{D2B7ABE4-25C9-4871-9304-9E3C1DAB84FB}"
EndProject
Project("{FAE04EC0-301F-11D3-BF4B-00C04F79EFBC}") = "AllArraysOperations", "AllArraysOperations\AllArraysOperations.csproj", "{ACBFB9A5-478C-4A68-93AA-0972653E693D}"
EndProject
Project("{2150E333-8FDC-42A3-9474-1A3956D46DE8}") = "LinkedLists", "LinkedLists", "{7E4F96DC-8BD5-47BF-9121-37B491C0CBAA}"
EndProject
Project("{FAE04EC0-301F-11D3-BF4B-00C04F79EFBC}") = "DisplayLinkedList", "PrintLinkedList\DisplayLinkedList.csproj", "{65E76790-DF65-427A-8079-2A905FCC71C3}"
EndProject
Project("{FAE04EC0-301F-11D3-BF4B-00C04F79EFBC}") = "InsertElementInLinkedList", "InsertAtBegining\InsertElementInLinkedList.csproj", "{DAF4FF09-44FB-4CF7-B097-D447A397EE32}"
EndProject
Project("{FAE04EC0-301F-11D3-BF4B-00C04F79EFBC}") = "SearchOperationOnLinkedlist", "SearchOperationOnLinkedlist\SearchOperationOnLinkedlist.csproj", "{D620D525-D1CA-4E43-8C33-4D9CE7FEAC4A}"
EndProject
Project("{FAE04EC0-301F-11D3-BF4B-00C04F79EFBC}") = "DeleteElementInLinkedList", "DeleteElementInLinkedList\DeleteElementInLinkedList.csproj", "{17FF887F-BB22-48B8-9EF8-CA602C621FA3}"
EndProject
Global
	GlobalSection(SolutionConfigurationPlatforms) = preSolution
		Debug|Any CPU = Debug|Any CPU
		Release|Any CPU = Release|Any CPU
	EndGlobalSection
	GlobalSection(ProjectConfigurationPlatforms) = postSolution
		{351DD9FB-4551-4F5A-AA10-FB3D4C154BD8}.Debug|Any CPU.ActiveCfg = Debug|Any CPU
		{351DD9FB-4551-4F5A-AA10-FB3D4C154BD8}.Debug|Any CPU.Build.0 = Debug|Any CPU
		{351DD9FB-4551-4F5A-AA10-FB3D4C154BD8}.Release|Any CPU.ActiveCfg = Release|Any CPU
		{351DD9FB-4551-4F5A-AA10-FB3D4C154BD8}.Release|Any CPU.Build.0 = Release|Any CPU
		{F4284127-51E3-497A-AFBD-7ECB46CA24B8}.Debug|Any CPU.ActiveCfg = Debug|Any CPU
		{F4284127-51E3-497A-AFBD-7ECB46CA24B8}.Debug|Any CPU.Build.0 = Debug|Any CPU
		{F4284127-51E3-497A-AFBD-7ECB46CA24B8}.Release|Any CPU.ActiveCfg = Release|Any CPU
		{F4284127-51E3-497A-AFBD-7ECB46CA24B8}.Release|Any CPU.Build.0 = Release|Any CPU
		{4641D2C6-02DF-4C3B-B3A4-E01B3770BB8E}.Debug|Any CPU.ActiveCfg = Debug|Any CPU
		{4641D2C6-02DF-4C3B-B3A4-E01B3770BB8E}.Debug|Any CPU.Build.0 = Debug|Any CPU
		{4641D2C6-02DF-4C3B-B3A4-E01B3770BB8E}.Release|Any CPU.ActiveCfg = Release|Any CPU
		{4641D2C6-02DF-4C3B-B3A4-E01B3770BB8E}.Release|Any CPU.Build.0 = Release|Any CPU
		{01A4D83D-12AB-4D8C-BCF2-6BE403525C7E}.Debug|Any CPU.ActiveCfg = Debug|Any CPU
		{01A4D83D-12AB-4D8C-BCF2-6BE403525C7E}.Debug|Any CPU.Build.0 = Debug|Any CPU
		{01A4D83D-12AB-4D8C-BCF2-6BE403525C7E}.Release|Any CPU.ActiveCfg = Release|Any CPU
		{01A4D83D-12AB-4D8C-BCF2-6BE403525C7E}.Release|Any CPU.Build.0 = Release|Any CPU
		{5B6113E6-ABA6-4200-8756-30333BC46016}.Debug|Any CPU.ActiveCfg = Debug|Any CPU
		{5B6113E6-ABA6-4200-8756-30333BC46016}.Debug|Any CPU.Build.0 = Debug|Any CPU
		{5B6113E6-ABA6-4200-8756-30333BC46016}.Release|Any CPU.ActiveCfg = Release|Any CPU
		{5B6113E6-ABA6-4200-8756-30333BC46016}.Release|Any CPU.Build.0 = Release|Any CPU
		{03D86811-A4B4-4D60-869A-74E79EEAFD03}.Debug|Any CPU.ActiveCfg = Debug|Any CPU
		{03D86811-A4B4-4D60-869A-74E79EEAFD03}.Debug|Any CPU.Build.0 = Debug|Any CPU
		{03D86811-A4B4-4D60-869A-74E79EEAFD03}.Release|Any CPU.ActiveCfg = Release|Any CPU
		{03D86811-A4B4-4D60-869A-74E79EEAFD03}.Release|Any CPU.Build.0 = Release|Any CPU
		{A5732036-5195-483F-946D-EAC752AFDBDD}.Debug|Any CPU.ActiveCfg = Debug|Any CPU
		{A5732036-5195-483F-946D-EAC752AFDBDD}.Debug|Any CPU.Build.0 = Debug|Any CPU
		{A5732036-5195-483F-946D-EAC752AFDBDD}.Release|Any CPU.ActiveCfg = Release|Any CPU
		{A5732036-5195-483F-946D-EAC752AFDBDD}.Release|Any CPU.Build.0 = Release|Any CPU
		{D2B7ABE4-25C9-4871-9304-9E3C1DAB84FB}.Debug|Any CPU.ActiveCfg = Debug|Any CPU
		{D2B7ABE4-25C9-4871-9304-9E3C1DAB84FB}.Debug|Any CPU.Build.0 = Debug|Any CPU
		{D2B7ABE4-25C9-4871-9304-9E3C1DAB84FB}.Release|Any CPU.ActiveCfg = Release|Any CPU
		{D2B7ABE4-25C9-4871-9304-9E3C1DAB84FB}.Release|Any CPU.Build.0 = Release|Any CPU
		{ACBFB9A5-478C-4A68-93AA-0972653E693D}.Debug|Any CPU.ActiveCfg = Debug|Any CPU
		{ACBFB9A5-478C-4A68-93AA-0972653E693D}.Debug|Any CPU.Build.0 = Debug|Any CPU
		{ACBFB9A5-478C-4A68-93AA-0972653E693D}.Release|Any CPU.ActiveCfg = Release|Any CPU
		{ACBFB9A5-478C-4A68-93AA-0972653E693D}.Release|Any CPU.Build.0 = Release|Any CPU
		{65E76790-DF65-427A-8079-2A905FCC71C3}.Debug|Any CPU.ActiveCfg = Debug|Any CPU
		{65E76790-DF65-427A-8079-2A905FCC71C3}.Debug|Any CPU.Build.0 = Debug|Any CPU
		{65E76790-DF65-427A-8079-2A905FCC71C3}.Release|Any CPU.ActiveCfg = Release|Any CPU
		{65E76790-DF65-427A-8079-2A905FCC71C3}.Release|Any CPU.Build.0 = Release|Any CPU
		{DAF4FF09-44FB-4CF7-B097-D447A397EE32}.Debug|Any CPU.ActiveCfg = Debug|Any CPU
		{DAF4FF09-44FB-4CF7-B097-D447A397EE32}.Debug|Any CPU.Build.0 = Debug|Any CPU
		{DAF4FF09-44FB-4CF7-B097-D447A397EE32}.Release|Any CPU.ActiveCfg = Release|Any CPU
		{DAF4FF09-44FB-4CF7-B097-D447A397EE32}.Release|Any CPU.Build.0 = Release|Any CPU
		{D620D525-D1CA-4E43-8C33-4D9CE7FEAC4A}.Debug|Any CPU.ActiveCfg = Debug|Any CPU
		{D620D525-D1CA-4E43-8C33-4D9CE7FEAC4A}.Debug|Any CPU.Build.0 = Debug|Any CPU
		{D620D525-D1CA-4E43-8C33-4D9CE7FEAC4A}.Release|Any CPU.ActiveCfg = Release|Any CPU
		{D620D525-D1CA-4E43-8C33-4D9CE7FEAC4A}.Release|Any CPU.Build.0 = Release|Any CPU
		{17FF887F-BB22-48B8-9EF8-CA602C621FA3}.Debug|Any CPU.ActiveCfg = Debug|Any CPU
		{17FF887F-BB22-48B8-9EF8-CA602C621FA3}.Debug|Any CPU.Build.0 = Debug|Any CPU
		{17FF887F-BB22-48B8-9EF8-CA602C621FA3}.Release|Any CPU.ActiveCfg = Release|Any CPU
		{17FF887F-BB22-48B8-9EF8-CA602C621FA3}.Release|Any CPU.Build.0 = Release|Any CPU
	EndGlobalSection
	GlobalSection(SolutionProperties) = preSolution
		HideSolutionNode = FALSE
	EndGlobalSection
	GlobalSection(NestedProjects) = preSolution
		{F4284127-51E3-497A-AFBD-7ECB46CA24B8} = {99BD2840-F1FB-4A0B-96D8-6FAEBACBDB07}
		{4641D2C6-02DF-4C3B-B3A4-E01B3770BB8E} = {99BD2840-F1FB-4A0B-96D8-6FAEBACBDB07}
		{01A4D83D-12AB-4D8C-BCF2-6BE403525C7E} = {6B8CAC40-AB17-4A26-8EA2-1DF124071585}
		{5B6113E6-ABA6-4200-8756-30333BC46016} = {6B8CAC40-AB17-4A26-8EA2-1DF124071585}
		{03D86811-A4B4-4D60-869A-74E79EEAFD03} = {D2C61374-52BE-4469-963A-195AEE88B025}
		{A5732036-5195-483F-946D-EAC752AFDBDD} = {D2C61374-52BE-4469-963A-195AEE88B025}
		{D2B7ABE4-25C9-4871-9304-9E3C1DAB84FB} = {D2C61374-52BE-4469-963A-195AEE88B025}
		{ACBFB9A5-478C-4A68-93AA-0972653E693D} = {D2C61374-52BE-4469-963A-195AEE88B025}
		{65E76790-DF65-427A-8079-2A905FCC71C3} = {7E4F96DC-8BD5-47BF-9121-37B491C0CBAA}
		{DAF4FF09-44FB-4CF7-B097-D447A397EE32} = {7E4F96DC-8BD5-47BF-9121-37B491C0CBAA}
		{D620D525-D1CA-4E43-8C33-4D9CE7FEAC4A} = {7E4F96DC-8BD5-47BF-9121-37B491C0CBAA}
		{17FF887F-BB22-48B8-9EF8-CA602C621FA3} = {7E4F96DC-8BD5-47BF-9121-37B491C0CBAA}
	EndGlobalSection
EndGlobal
